
Microsoft Visual Studio Solution File, Format Version 12.00
# Visual Studio Version 16
VisualStudioVersion = 16.0.29709.97
MinimumVisualStudioVersion = 10.0.40219.1
Project("{FAE04EC0-301F-11D3-BF4B-00C04F79EFBC}") = "Connect Manager", "Connect Manager\Connect Manager.csproj", "{FBD6914E-C7BC-42FC-84DD-AE38582F2D2E}"
EndProject
Global
	GlobalSection(SolutionConfigurationPlatforms) = preSolution
		Debug|Any CPU = Debug|Any CPU
		Release|Any CPU = Release|Any CPU
	EndGlobalSection
	GlobalSection(ProjectConfigurationPlatforms) = postSolution
		{FBD6914E-C7BC-42FC-84DD-AE38582F2D2E}.Debug|Any CPU.ActiveCfg = Debug|Any CPU
		{FBD6914E-C7BC-42FC-84DD-AE38582F2D2E}.Debug|Any CPU.Build.0 = Debug|Any CPU
		{FBD6914E-C7BC-42FC-84DD-AE38582F2D2E}.Release|Any CPU.ActiveCfg = Release|Any CPU
		{FBD6914E-C7BC-42FC-84DD-AE38582F2D2E}.Release|Any CPU.Build.0 = Release|Any CPU
	EndGlobalSection
	GlobalSection(SolutionProperties) = preSolution
		HideSolutionNode = FALSE
	EndGlobalSection
	GlobalSection(ExtensibilityGlobals) = postSolution
		SolutionGuid = {91CB88F9-7A99-438E-96BE-32596A160949}
	EndGlobalSection
EndGlobal
